// !$*UTF8*$!
{
	archiveVersion = 1;
	classes = {
	};
	objectVersion = 46;
	objects = {

/* Begin PBXBuildFile section */
		74AB8C2D1A237E8D00BBCC55 /* main.m in Sources */ = {isa = PBXBuildFile; fileRef = 74AB8C2C1A237E8D00BBCC55 /* main.m */; };
		74AB8C301A237E8D00BBCC55 /* AppDelegate.m in Sources */ = {isa = PBXBuildFile; fileRef = 74AB8C2F1A237E8D00BBCC55 /* AppDelegate.m */; };
		74AB8C331A237E8D00BBCC55 /* ViewController.m in Sources */ = {isa = PBXBuildFile; fileRef = 74AB8C321A237E8D00BBCC55 /* ViewController.m */; };
		74AB8C361A237E8D00BBCC55 /* Main.storyboard in Resources */ = {isa = PBXBuildFile; fileRef = 74AB8C341A237E8D00BBCC55 /* Main.storyboard */; };
		74AB8C381A237E8D00BBCC55 /* Images.xcassets in Resources */ = {isa = PBXBuildFile; fileRef = 74AB8C371A237E8D00BBCC55 /* Images.xcassets */; };
		74AB8C3B1A237E8D00BBCC55 /* LaunchScreen.xib in Resources */ = {isa = PBXBuildFile; fileRef = 74AB8C391A237E8D00BBCC55 /* LaunchScreen.xib */; };
		74AB8C471A237E8D00BBCC55 /* TableViewTests.m in Sources */ = {isa = PBXBuildFile; fileRef = 74AB8C461A237E8D00BBCC55 /* TableViewTests.m */; };
/* End PBXBuildFile section */

/* Begin PBXContainerItemProxy section */
		74AB8C411A237E8D00BBCC55 /* PBXContainerItemProxy */ = {
			isa = PBXContainerItemProxy;
			containerPortal = 74AB8C1F1A237E8D00BBCC55 /* Project object */;
			proxyType = 1;
			remoteGlobalIDString = 74AB8C261A237E8D00BBCC55;
			remoteInfo = TableView;
		};
/* End PBXContainerItemProxy section */

/* Begin PBXFileReference section */
		74AB8C271A237E8D00BBCC55 /* TableView.app */ = {isa = PBXFileReference; explicitFileType = wrapper.application; includeInIndex = 0; path = TableView.app; sourceTree = BUILT_PRODUCTS_DIR; };
		74AB8C2B1A237E8D00BBCC55 /* Info.plist */ = {isa = PBXFileReference; lastKnownFileType = text.plist.xml; path = Info.plist; sourceTree = "<group>"; };
		74AB8C2C1A237E8D00BBCC55 /* main.m */ = {isa = PBXFileReference; lastKnownFileType = sourcecode.c.objc; path = main.m; sourceTree = "<group>"; };
		74AB8C2E1A237E8D00BBCC55 /* AppDelegate.h */ = {isa = PBXFileReference; lastKnownFileType = sourcecode.c.h; path = AppDelegate.h; sourceTree = "<group>"; };
		74AB8C2F1A237E8D00BBCC55 /* AppDelegate.m */ = {isa = PBXFileReference; lastKnownFileType = sourcecode.c.objc; path = AppDelegate.m; sourceTree = "<group>"; };
		74AB8C311A237E8D00BBCC55 /* ViewController.h */ = {isa = PBXFileReference; lastKnownFileType = sourcecode.c.h; path = ViewController.h; sourceTree = "<group>"; };
		74AB8C321A237E8D00BBCC55 /* ViewController.m */ = {isa = PBXFileReference; lastKnownFileType = sourcecode.c.objc; path = ViewController.m; sourceTree = "<group>"; };
		74AB8C351A237E8D00BBCC55 /* Base */ = {isa = PBXFileReference; lastKnownFileType = file.storyboard; name = Base; path = Base.lproj/Main.storyboard; sourceTree = "<group>"; };
		74AB8C371A237E8D00BBCC55 /* Images.xcassets */ = {isa = PBXFileReference; lastKnownFileType = folder.assetcatalog; path = Images.xcassets; sourceTree = "<group>"; };
		74AB8C3A1A237E8D00BBCC55 /* Base */ = {isa = PBXFileReference; lastKnownFileType = file.xib; name = Base; path = Base.lproj/LaunchScreen.xib; sourceTree = "<group>"; };
		74AB8C401A237E8D00BBCC55 /* TableViewTests.xctest */ = {isa = PBXFileReference; explicitFileType = wrapper.cfbundle; includeInIndex = 0; path = TableViewTests.xctest; sourceTree = BUILT_PRODUCTS_DIR; };
		74AB8C451A237E8D00BBCC55 /* Info.plist */ = {isa = PBXFileReference; lastKnownFileType = text.plist.xml; path = Info.plist; sourceTree = "<group>"; };
		74AB8C461A237E8D00BBCC55 /* TableViewTests.m */ = {isa = PBXFileReference; lastKnownFileType = sourcecode.c.objc; path = TableViewTests.m; sourceTree = "<group>"; };
/* End PBXFileReference section */

/* Begin PBXFrameworksBuildPhase section */
		74AB8C241A237E8D00BBCC55 /* Frameworks */ = {
			isa = PBXFrameworksBuildPhase;
			buildActionMask = 2147483647;
			files = (
			);
			runOnlyForDeploymentPostprocessing = 0;
		};
		74AB8C3D1A237E8D00BBCC55 /* Frameworks */ = {
			isa = PBXFrameworksBuildPhase;
			buildActionMask = 2147483647;
			files = (
			);
			runOnlyForDeploymentPostprocessing = 0;
		};
/* End PBXFrameworksBuildPhase section */

/* Begin PBXGroup section */
		74AB8C1E1A237E8D00BBCC55 = {
			isa = PBXGroup;
			children = (
				74AB8C291A237E8D00BBCC55 /* TableView */,
				74AB8C431A237E8D00BBCC55 /* TableViewTests */,
				74AB8C281A237E8D00BBCC55 /* Products */,
			);
			sourceTree = "<group>";
		};
		74AB8C281A237E8D00BBCC55 /* Products */ = {
			isa = PBXGroup;
			children = (
				74AB8C271A237E8D00BBCC55 /* TableView.app */,
				74AB8C401A237E8D00BBCC55 /* TableViewTests.xctest */,
			);
			name = Products;
			sourceTree = "<group>";
		};
		74AB8C291A237E8D00BBCC55 /* TableView */ = {
			isa = PBXGroup;
			children = (
				74AB8C2E1A237E8D00BBCC55 /* AppDelegate.h */,
				74AB8C2F1A237E8D00BBCC55 /* AppDelegate.m */,
				74AB8C311A237E8D00BBCC55 /* ViewController.h */,
				74AB8C321A237E8D00BBCC55 /* ViewController.m */,
				74AB8C341A237E8D00BBCC55 /* Main.storyboard */,
				74AB8C371A237E8D00BBCC55 /* Images.xcassets */,
				74AB8C391A237E8D00BBCC55 /* LaunchScreen.xib */,
				74AB8C2A1A237E8D00BBCC55 /* Supporting Files */,
			);
			path = TableView;
			sourceTree = "<group>";
		};
		74AB8C2A1A237E8D00BBCC55 /* Supporting Files */ = {
			isa = PBXGroup;
			children = (
				74AB8C2B1A237E8D00BBCC55 /* Info.plist */,
				74AB8C2C1A237E8D00BBCC55 /* main.m */,
			);
			name = "Supporting Files";
			sourceTree = "<group>";
		};
		74AB8C431A237E8D00BBCC55 /* TableViewTests */ = {
			isa = PBXGroup;
			children = (
				74AB8C461A237E8D00BBCC55 /* TableViewTests.m */,
				74AB8C441A237E8D00BBCC55 /* Supporting Files */,
			);
			path = TableViewTests;
			sourceTree = "<group>";
		};
		74AB8C441A237E8D00BBCC55 /* Supporting Files */ = {
			isa = PBXGroup;
			children = (
				74AB8C451A237E8D00BBCC55 /* Info.plist */,
			);
			name = "Supporting Files";
			sourceTree = "<group>";
		};
/* End PBXGroup section */

/* Begin PBXNativeTarget section */
		74AB8C261A237E8D00BBCC55 /* TableView */ = {
			isa = PBXNativeTarget;
			buildConfigurationList = 74AB8C4A1A237E8D00BBCC55 /* Build configuration list for PBXNativeTarget "TableView" */;
			buildPhases = (
				74AB8C231A237E8D00BBCC55 /* Sources */,
				74AB8C241A237E8D00BBCC55 /* Frameworks */,
				74AB8C251A237E8D00BBCC55 /* Resources */,
			);
			buildRules = (
			);
			dependencies = (
			);
			name = TableView;
			productName = TableView;
			productReference = 74AB8C271A237E8D00BBCC55 /* TableView.app */;
			productType = "com.apple.product-type.application";
		};
		74AB8C3F1A237E8D00BBCC55 /* TableViewTests */ = {
			isa = PBXNativeTarget;
			buildConfigurationList = 74AB8C4D1A237E8D00BBCC55 /* Build configuration list for PBXNativeTarget "TableViewTests" */;
			buildPhases = (
				74AB8C3C1A237E8D00BBCC55 /* Sources */,
				74AB8C3D1A237E8D00BBCC55 /* Frameworks */,
				74AB8C3E1A237E8D00BBCC55 /* Resources */,
			);
			buildRules = (
			);
			dependencies = (
				74AB8C421A237E8D00BBCC55 /* PBXTargetDependency */,
			);
			name = TableViewTests;
			productName = TableViewTests;
			productReference = 74AB8C401A237E8D00BBCC55 /* TableViewTests.xctest */;
			productType = "com.apple.product-type.bundle.unit-test";
		};
/* End PBXNativeTarget section */

/* Begin PBXProject section */
		74AB8C1F1A237E8D00BBCC55 /* Project object */ = {
			isa = PBXProject;
			attributes = {
				LastUpgradeCheck = 0610;
				ORGANIZATIONNAME = houzify;
				TargetAttributes = {
					74AB8C261A237E8D00BBCC55 = {
						CreatedOnToolsVersion = 6.1;
					};
					74AB8C3F1A237E8D00BBCC55 = {
						CreatedOnToolsVersion = 6.1;
						TestTargetID = 74AB8C261A237E8D00BBCC55;
					};
				};
			};
			buildConfigurationList = 74AB8C221A237E8D00BBCC55 /* Build configuration list for PBXProject "TableView" */;
			compatibilityVersion = "Xcode 3.2";
			developmentRegion = English;
			hasScannedForEncodings = 0;
			knownRegions = (
				en,
				Base,
			);
			mainGroup = 74AB8C1E1A237E8D00BBCC55;
			productRefGroup = 74AB8C281A237E8D00BBCC55 /* Products */;
			projectDirPath = "";
			projectRoot = "";
			targets = (
				74AB8C261A237E8D00BBCC55 /* TableView */,
				74AB8C3F1A237E8D00BBCC55 /* TableViewTests */,
			);
		};
/* End PBXProject section */

/* Begin PBXResourcesBuildPhase section */
		74AB8C251A237E8D00BBCC55 /* Resources */ = {
			isa = PBXResourcesBuildPhase;
			buildActionMask = 2147483647;
			files = (
				74AB8C361A237E8D00BBCC55 /* Main.storyboard in Resources */,
				74AB8C3B1A237E8D00BBCC55 /* LaunchScreen.xib in Resources */,
				74AB8C381A237E8D00BBCC55 /* Images.xcassets in Resources */,
			);
			runOnlyForDeploymentPostprocessing = 0;
		};
		74AB8C3E1A237E8D00BBCC55 /* Resources */ = {
			isa = PBXResourcesBuildPhase;
			buildActionMask = 2147483647;
			files = (
			);
			runOnlyForDeploymentPostprocessing = 0;
		};
/* End PBXResourcesBuildPhase section */

/* Begin PBXSourcesBuildPhase section */
		74AB8C231A237E8D00BBCC55 /* Sources */ = {
			isa = PBXSourcesBuildPhase;
			buildActionMask = 2147483647;
			files = (
				74AB8C331A237E8D00BBCC55 /* ViewController.m in Sources */,
				74AB8C301A237E8D00BBCC55 /* AppDelegate.m in Sources */,
				74AB8C2D1A237E8D00BBCC55 /* main.m in Sources */,
			);
			runOnlyForDeploymentPostprocessing = 0;
		};
		74AB8C3C1A237E8D00BBCC55 /* Sources */ = {
			isa = PBXSourcesBuildPhase;
			buildActionMask = 2147483647;
			files = (
				74AB8C471A237E8D00BBCC55 /* TableViewTests.m in Sources */,
			);
			runOnlyForDeploymentPostprocessing = 0;
		};
/* End PBXSourcesBuildPhase section */

/* Begin PBXTargetDependency section */
		74AB8C421A237E8D00BBCC55 /* PBXTargetDependency */ = {
			isa = PBXTargetDependency;
			target = 74AB8C261A237E8D00BBCC55 /* TableView */;
			targetProxy = 74AB8C411A237E8D00BBCC55 /* PBXContainerItemProxy */;
		};
/* End PBXTargetDependency section */

/* Begin PBXVariantGroup section */
		74AB8C341A237E8D00BBCC55 /* Main.storyboard */ = {
			isa = PBXVariantGroup;
			children = (
				74AB8C351A237E8D00BBCC55 /* Base */,
			);
			name = Main.storyboard;
			sourceTree = "<group>";
		};
		74AB8C391A237E8D00BBCC55 /* LaunchScreen.xib */ = {
			isa = PBXVariantGroup;
			children = (
				74AB8C3A1A237E8D00BBCC55 /* Base */,
			);
			name = LaunchScreen.xib;
			sourceTree = "<group>";
		};
/* End PBXVariantGroup section */

/* Begin XCBuildConfiguration section */
		74AB8C481A237E8D00BBCC55 /* Debug */ = {
			isa = XCBuildConfiguration;
			buildSettings = {
				ALWAYS_SEARCH_USER_PATHS = NO;
				CLANG_CXX_LANGUAGE_STANDARD = "gnu++0x";
				CLANG_CXX_LIBRARY = "libc++";
				CLANG_ENABLE_MODULES = YES;
				CLANG_ENABLE_OBJC_ARC = YES;
				CLANG_WARN_BOOL_CONVERSION = YES;
				CLANG_WARN_CONSTANT_CONVERSION = YES;
				CLANG_WARN_DIRECT_OBJC_ISA_USAGE = YES_ERROR;
				CLANG_WARN_EMPTY_BODY = YES;
				CLANG_WARN_ENUM_CONVERSION = YES;
				CLANG_WARN_INT_CONVERSION = YES;
				CLANG_WARN_OBJC_ROOT_CLASS = YES_ERROR;
				CLANG_WARN_UNREACHABLE_CODE = YES;
				CLANG_WARN__DUPLICATE_METHOD_MATCH = YES;
				"CODE_SIGN_IDENTITY[sdk=iphoneos*]" = "iPhone Developer";
				COPY_PHASE_STRIP = NO;
				ENABLE_STRICT_OBJC_MSGSEND = YES;
				GCC_C_LANGUAGE_STANDARD = gnu99;
				GCC_DYNAMIC_NO_PIC = NO;
				GCC_OPTIMIZATION_LEVEL = 0;
				GCC_PREPROCESSOR_DEFINITIONS = (
					"DEBUG=1",
					"$(inherited)",
				);
				GCC_SYMBOLS_PRIVATE_EXTERN = NO;
				GCC_WARN_64_TO_32_BIT_CONVERSION = YES;
				GCC_WARN_ABOUT_RETURN_TYPE = YES_ERROR;
				GCC_WARN_UNDECLARED_SELECTOR = YES;
				GCC_WARN_UNINITIALIZED_AUTOS = YES_AGGRESSIVE;
				GCC_WARN_UNUSED_FUNCTION = YES;
				GCC_WARN_UNUSED_VARIABLE = YES;
				IPHONEOS_DEPLOYMENT_TARGET = 8.1;
				MTL_ENABLE_DEBUG_INFO = YES;
				ONLY_ACTIVE_ARCH = YES;
				SDKROOT = iphoneos;
				TARGETED_DEVICE_FAMILY = "1,2";
			};
			name = Debug;
		};
		74AB8C491A237E8D00BBCC55 /* Release */ = {
			isa = XCBuildConfiguration;
			buildSettings = {
				ALWAYS_SEARCH_USER_PATHS = NO;
				CLANG_CXX_LANGUAGE_STANDARD = "gnu++0x";
				CLANG_CXX_LIBRARY = "libc++";
				CLANG_ENABLE_MODULES = YES;
				CLANG_ENABLE_OBJC_ARC = YES;
				CLANG_WARN_BOOL_CONVERSION = YES;
				CLANG_WARN_CONSTANT_CONVERSION = YES;
				CLANG_WARN_DIRECT_OBJC_ISA_USAGE = YES_ERROR;
				CLANG_WARN_EMPTY_BODY = YES;
				CLANG_WARN_ENUM_CONVERSION = YES;
				CLANG_WARN_INT_CONVERSION = YES;
				CLANG_WARN_OBJC_ROOT_CLASS = YES_ERROR;
				CLANG_WARN_UNREACHABLE_CODE = YES;
				CLANG_WARN__DUPLICATE_METHOD_MATCH = YES;
				"CODE_SIGN_IDENTITY[sdk=iphoneos*]" = "iPhone Developer";
				COPY_PHASE_STRIP = YES;
				ENABLE_NS_ASSERTIONS = NO;
				ENABLE_STRICT_OBJC_MSGSEND = YES;
				GCC_C_LANGUAGE_STANDARD = gnu99;
				GCC_WARN_64_TO_32_BIT_CONVERSION = YES;
				GCC_WARN_ABOUT_RETURN_TYPE = YES_ERROR;
				GCC_WARN_UNDECLARED_SELECTOR = YES;
				GCC_WARN_UNINITIALIZED_AUTOS = YES_AGGRESSIVE;
				GCC_WARN_UNUSED_FUNCTION = YES;
				GCC_WARN_UNUSED_VARIABLE = YES;
				IPHONEOS_DEPLOYMENT_TARGET = 8.1;
				MTL_ENABLE_DEBUG_INFO = NO;
				SDKROOT = iphoneos;
				TARGETED_DEVICE_FAMILY = "1,2";
				VALIDATE_PRODUCT = YES;
			};
			name = Release;
		};
		74AB8C4B1A237E8D00BBCC55 /* Debug */ = {
			isa = XCBuildConfiguration;
			buildSettings = {
				ASSETCATALOG_COMPILER_APPICON_NAME = AppIcon;
				INFOPLIST_FILE = TableView/Info.plist;
				LD_RUNPATH_SEARCH_PATHS = "$(inherited) @executable_path/Frameworks";
				PRODUCT_NAME = "$(TARGET_NAME)";
			};
			name = Debug;
		};
		74AB8C4C1A237E8D00BBCC55 /* Release */ = {
			isa = XCBuildConfiguration;
			buildSettings = {
				ASSETCATALOG_COMPILER_APPICON_NAME = AppIcon;
				INFOPLIST_FILE = TableView/Info.plist;
				LD_RUNPATH_SEARCH_PATHS = "$(inherited) @executable_path/Frameworks";
				PRODUCT_NAME = "$(TARGET_NAME)";
			};
			name = Release;
		};
		74AB8C4E1A237E8D00BBCC55 /* Debug */ = {
			isa = XCBuildConfiguration;
			buildSettings = {
				BUNDLE_LOADER = "$(TEST_HOST)";
				FRAMEWORK_SEARCH_PATHS = (
					"$(SDKROOT)/Developer/Library/Frameworks",
					"$(inherited)",
				);
				GCC_PREPROCESSOR_DEFINITIONS = (
					"DEBUG=1",
					"$(inherited)",
				);
				INFOPLIST_FILE = TableViewTests/Info.plist;
				LD_RUNPATH_SEARCH_PATHS = "$(inherited) @executable_path/Frameworks @loader_path/Frameworks";
				PRODUCT_NAME = "$(TARGET_NAME)";
				TEST_HOST = "$(BUILT_PRODUCTS_DIR)/TableView.app/TableView";
			};
			name = Debug;
		};
		74AB8C4F1A237E8D00BBCC55 /* Release */ = {
			isa = XCBuildConfiguration;
			buildSettings = {
				BUNDLE_LOADER = "$(TEST_HOST)";
				FRAMEWORK_SEARCH_PATHS = (
					"$(SDKROOT)/Developer/Library/Frameworks",
					"$(inherited)",
				);
				INFOPLIST_FILE = TableViewTests/Info.plist;
				LD_RUNPATH_SEARCH_PATHS = "$(inherited) @executable_path/Frameworks @loader_path/Frameworks";
				PRODUCT_NAME = "$(TARGET_NAME)";
				TEST_HOST = "$(BUILT_PRODUCTS_DIR)/TableView.app/TableView";
			};
			name = Release;
		};
/* End XCBuildConfiguration section */

/* Begin XCConfigurationList section */
		74AB8C221A237E8D00BBCC55 /* Build configuration list for PBXProject "TableView" */ = {
			isa = XCConfigurationList;
			buildConfigurations = (
				74AB8C481A237E8D00BBCC55 /* Debug */,
				74AB8C491A237E8D00BBCC55 /* Release */,
			);
			defaultConfigurationIsVisible = 0;
			defaultConfigurationName = Release;
		};
		74AB8C4A1A237E8D00BBCC55 /* Build configuration list for PBXNativeTarget "TableView" */ = {
			isa = XCConfigurationList;
			buildConfigurations = (
				74AB8C4B1A237E8D00BBCC55 /* Debug */,
				74AB8C4C1A237E8D00BBCC55 /* Release */,
			);
			defaultConfigurationIsVisible = 0;
		};
		74AB8C4D1A237E8D00BBCC55 /* Build configuration list for PBXNativeTarget "TableViewTests" */ = {
			isa = XCConfigurationList;
			buildConfigurations = (
				74AB8C4E1A237E8D00BBCC55 /* Debug */,
				74AB8C4F1A237E8D00BBCC55 /* Release */,
			);
			defaultConfigurationIsVisible = 0;
		};
/* End XCConfigurationList section */
	};
	rootObject = 74AB8C1F1A237E8D00BBCC55 /* Project object */;
}
